lockfileVersion: '9.0'

settings:
  autoInstallPeers: true
  excludeLinksFromLockfile: false

importers:

  .:
    devDependencies:
      knip:
        specifier: ^5.56.0
        version: 5.56.0(@types/node@22.10.1)(typescript@5.7.2)
      typescript:
        specifier: ^5.7.2
        version: 5.7.2

packages:

  '@emnapi/core@1.4.3':
    resolution: {integrity: sha512-4m62DuCE07lw01soJwPiBGC0nAww0Q+RY70VZ+n49yDIO13yyinhbWCeNnaob0lakDtWQzSdtNWzJeOJt2ma+g==}

  '@emnapi/runtime@1.4.3':
    resolution: {integrity: sha512-pBPWdu6MLKROBX05wSNKcNb++m5Er+KQ9QkB+WVM+pW2Kx9hoSrVTnu3BdkI5eBLZoKu/J6mW/B6i6bJB2ytXQ==}

  '@emnapi/wasi-threads@1.0.2':
    resolution: {integrity: sha512-5n3nTJblwRi8LlXkJ9eBzu+kZR8Yxcc7ubakyQTFzPMtIhFpUBRbsnc2Dv88IZDIbCDlBiWrknhB4Lsz7mg6BA==}

  '@napi-rs/wasm-runtime@0.2.9':
    resolution: {integrity: sha512-OKRBiajrrxB9ATokgEQoG87Z25c67pCpYcCwmXYX8PBftC9pBfN18gnm/fh1wurSLEKIAt+QRFLFCQISrb66Jg==}

  '@nodelib/fs.scandir@2.1.5':
    resolution: {integrity: sha512-vq24Bq3ym5HEQm2NKCr3yXDwjc7vTsEThRDnkp2DK9p1uqLR+DHurm/NOTo0KG7HYHU7eppKZj3MyqYuMBf62g==}
    engines: {node: '>= 8'}

  '@nodelib/fs.stat@2.0.5':
    resolution: {integrity: sha512-RkhPPp2zrqDAQA/2jNhnztcPAlv64XdhIp7a7454A5ovI7Bukxgt7MX7udwAu3zg1DcpPU0rz3VV1SeaqvY4+A==}
    engines: {node: '>= 8'}

  '@nodelib/fs.walk@1.2.8':
    resolution: {integrity: sha512-oGB+UxlgWcgQkgwo8GcEGwemoTFt3FIO9ababBmaGwXIoBKZ+GTy0pP185beGg7Llih/NSHSV2XAs1lnznocSg==}
    engines: {node: '>= 8'}

  '@oxc-resolver/binding-darwin-arm64@9.0.2':
    resolution: {integrity: sha512-MVyRgP2gzJJtAowjG/cHN3VQXwNLWnY+FpOEsyvDepJki1SdAX/8XDijM1yN6ESD1kr9uhBKjGelC6h3qtT+rA==}
    cpu: [arm64]
    os: [darwin]

  '@oxc-resolver/binding-darwin-x64@9.0.2':
    resolution: {integrity: sha512-7kV0EOFEZ3sk5Hjy4+bfA6XOQpCwbDiDkkHN4BHHyrBHsXxUR05EcEJPPL1WjItefg+9+8hrBmoK0xRoDs41+A==}
    cpu: [x64]
    os: [darwin]

  '@oxc-resolver/binding-freebsd-x64@9.0.2':
    resolution: {integrity: sha512-6OvkEtRXrt8sJ4aVfxHRikjain9nV1clIsWtJ1J3J8NG1ZhjyJFgT00SCvqxbK+pzeWJq6XzHyTCN78ML+lY2w==}
    cpu: [x64]
    os: [freebsd]

  '@oxc-resolver/binding-linux-arm-gnueabihf@9.0.2':
    resolution: {integrity: sha512-aYpNL6o5IRAUIdoweW21TyLt54Hy/ZS9tvzNzF6ya1ckOQ8DLaGVPjGpmzxdNja9j/bbV6aIzBH7lNcBtiOTkQ==}
    cpu: [arm]
    os: [linux]

  '@oxc-resolver/binding-linux-arm64-gnu@9.0.2':
    resolution: {integrity: sha512-RGFW4vCfKMFEIzb9VCY0oWyyY9tR1/o+wDdNePhiUXZU4SVniRPQaZ1SJ0sUFI1k25pXZmzQmIP6cBmazi/Dew==}
    cpu: [arm64]
    os: [linux]

  '@oxc-resolver/binding-linux-arm64-musl@9.0.2':
    resolution: {integrity: sha512-lxx/PibBfzqYvut2Y8N2D0Ritg9H8pKO+7NUSJb9YjR/bfk2KRmP8iaUz3zB0JhPtf/W3REs65oKpWxgflGToA==}
    cpu: [arm64]
    os: [linux]

  '@oxc-resolver/binding-linux-riscv64-gnu@9.0.2':
    resolution: {integrity: sha512-yD28ptS/OuNhwkpXRPNf+/FvrO7lwURLsEbRVcL1kIE0GxNJNMtKgIE4xQvtKDzkhk6ZRpLho5VSrkkF+3ARTQ==}
    cpu: [riscv64]
    os: [linux]

  '@oxc-resolver/binding-linux-s390x-gnu@9.0.2':
    resolution: {integrity: sha512-WBwEJdspoga2w+aly6JVZeHnxuPVuztw3fPfWrei2P6rNM5hcKxBGWKKT6zO1fPMCB4sdDkFohGKkMHVV1eryQ==}
    cpu: [s390x]
    os: [linux]

  '@oxc-resolver/binding-linux-x64-gnu@9.0.2':
    resolution: {integrity: sha512-a2z3/cbOOTUq0UTBG8f3EO/usFcdwwXnCejfXv42HmV/G8GjrT4fp5+5mVDoMByH3Ce3iVPxj1LmS6OvItKMYQ==}
    cpu: [x64]
    os: [linux]

  '@oxc-resolver/binding-linux-x64-musl@9.0.2':
    resolution: {integrity: sha512-bHZF+WShYQWpuswB9fyxcgMIWVk4sZQT0wnwpnZgQuvGTZLkYJ1JTCXJMtaX5mIFHf69ngvawnwPIUA4Feil0g==}
    cpu: [x64]
    os: [linux]

  '@oxc-resolver/binding-wasm32-wasi@9.0.2':
    resolution: {integrity: sha512-I5cSgCCh5nFozGSHz+PjIOfrqW99eUszlxKLgoNNzQ1xQ2ou9ZJGzcZ94BHsM9SpyYHLtgHljmOZxCT9bgxYNA==}
    engines: {node: '>=14.0.0'}
    cpu: [wasm32]

  '@oxc-resolver/binding-win32-arm64-msvc@9.0.2':
    resolution: {integrity: sha512-5IhoOpPr38YWDWRCA5kP30xlUxbIJyLAEsAK7EMyUgqygBHEYLkElaKGgS0X5jRXUQ6l5yNxuW73caogb2FYaw==}
    cpu: [arm64]
    os: [win32]

  '@oxc-resolver/binding-win32-x64-msvc@9.0.2':
    resolution: {integrity: sha512-Qc40GDkaad9rZksSQr2l/V9UubigIHsW69g94Gswc2sKYB3XfJXfIfyV8WTJ67u6ZMXsZ7BH1msSC6Aen75mCg==}
    cpu: [x64]
    os: [win32]

  '@tybys/wasm-util@0.9.0':
    resolution: {integrity: sha512-6+7nlbMVX/PVDCwaIQ8nTOPveOcFLSt8GcXdx8hD0bt39uWxYT88uXzqTd4fTvqta7oeUJqudepapKNt2DYJFw==}

  '@types/node@22.10.1':
    resolution: {integrity: sha512-qKgsUwfHZV2WCWLAnVP1JqnpE6Im6h3Y0+fYgMTasNQ7V++CBX5OT1as0g0f+OyubbFqhf6XVNIsmN4IIhEgGQ==}

  argparse@2.0.1:
    resolution: {integrity: sha512-8+9WqebbFzpX9OR+Wa6O29asIogeRMzcGtAINdpMHHyAg10f05aSFVBbcEqGf/PXw1EjAZ+q2/bEBg3DvurK3Q==}

  braces@3.0.3:
    resolution: {integrity: sha512-yQbXgO/OSZVD2IsiLlro+7Hf6Q18EJrKSEsdoMzKePKXct3gvD8oLcOQdIzGupr5Fj+EDe8gO/lxc1BzfMpxvA==}
    engines: {node: '>=8'}

  fast-glob@3.3.3:
    resolution: {integrity: sha512-7MptL8U0cqcFdzIzwOTHoilX9x5BrNqye7Z/LuC7kCMRio1EMSyqRK3BEAUD7sXRq4iT4AzTVuZdhgQ2TCvYLg==}
    engines: {node: '>=8.6.0'}

  fastq@1.17.1:
    resolution: {integrity: sha512-sRVD3lWVIXWg6By68ZN7vho9a1pQcN/WBFaAAsDDFzlJjvoGx0P8z7V1t72grFJfJhu3YPZBuu25f7Kaw2jN1w==}

  fd-package-json@1.2.0:
    resolution: {integrity: sha512-45LSPmWf+gC5tdCQMNH4s9Sr00bIkiD9aN7dc5hqkrEw1geRYyDQS1v1oMHAW3ysfxfndqGsrDREHHjNNbKUfA==}

  fill-range@7.1.1:
    resolution: {integrity: sha512-YsGpe3WHLK8ZYi4tWDg2Jy3ebRz2rXowDxnld4bkQB00cc/1Zw9AWnC0i9ztDJitivtQvaI9KaLyKrc+hBW0yg==}
    engines: {node: '>=8'}

  formatly@0.2.3:
    resolution: {integrity: sha512-WH01vbXEjh9L3bqn5V620xUAWs32CmK4IzWRRY6ep5zpa/mrisL4d9+pRVuETORVDTQw8OycSO1WC68PL51RaA==}
    engines: {node: '>=18.3.0'}
    hasBin: true

  glob-parent@5.1.2:
    resolution: {integrity: sha512-AOIgSQCepiJYwP3ARnGx+5VnTu2HBYdzbGP45eLw1vr3zB3vZLeyed1sC9hnbcOc9/SrMyM5RPQrkGz4aS9Zow==}
    engines: {node: '>= 6'}

  is-extglob@2.1.1:
    resolution: {integrity: sha512-SbKbANkN603Vi4jEZv49LeVJMn4yGwsbzZworEoyEiutsN3nJYdbO36zfhGJ6QEDpOZIFkDtnq5JRxmvl3jsoQ==}
    engines: {node: '>=0.10.0'}

  is-glob@4.0.3:
    resolution: {integrity: sha512-xelSayHH36ZgE7ZWhli7pW34hNbNl8Ojv5KVmkJD4hBdD3th8Tfk9vYasLM+mXWOZhFkgZfxhLSnrwRr4elSSg==}
    engines: {node: '>=0.10.0'}

  is-number@7.0.0:
    resolution: {integrity: sha512-41Cifkg6e8TylSpdtTpeLVMqvSBEVzTttHvERD741+pnZ8ANv0004MRL43QKPDlK9cGvNp6NZWZUBlbGXYxxng==}
    engines: {node: '>=0.12.0'}

  jiti@2.4.2:
    resolution: {integrity: sha512-rg9zJN+G4n2nfJl5MW3BMygZX56zKPNVEYYqq7adpmMh4Jn2QNEwhvQlFy6jPVdcod7txZtKHWnyZiA3a0zP7A==}
    hasBin: true

  js-yaml@4.1.0:
    resolution: {integrity: sha512-wpxZs9NoxZaJESJGIZTyDEaYpl0FKSA+FB9aJiyemKhMwkxQg63h4T1KJgUGHpTqPDNRcmmYLugrRjJlBtWvRA==}
    hasBin: true

  knip@5.56.0:
    resolution: {integrity: sha512-4RNCi41ax0zzl7jloxiUAcomwHIW+tj201jfr7TmHkSvb1/LkChsfXH0JOFFesVHhtSrMw6Dv4N6fmfFd4sJ0Q==}
    engines: {node: '>=18.18.0'}
    hasBin: true
    peerDependencies:
      '@types/node': '>=18'
      typescript: '>=5.0.4'

  merge2@1.4.1:
    resolution: {integrity: sha512-8q7VEgMJW4J8tcfVPy8g09NcQwZdbwFEqhe/WZkoIzjn/3TGDwtOCYtXGxA3O8tPzpczCCDgv+P2P5y00ZJOOg==}
    engines: {node: '>= 8'}

  micromatch@4.0.8:
    resolution: {integrity: sha512-PXwfBhYu0hBCPw8Dn0E+WDYb7af3dSLVWKi3HGv84IdF4TyFoC0ysxFd0Goxw7nSv4T/PzEJQxsYsEiFCKo2BA==}
    engines: {node: '>=8.6'}

  minimist@1.2.8:
    resolution: {integrity: sha512-2yyAR8qBkN3YuheJanUpWC5U3bb5osDywNB8RzDVlDwDHbocAJveqqj1u8+SVD7jkWT4yvsHCpWqqWqAxb0zCA==}

  oxc-resolver@9.0.2:
    resolution: {integrity: sha512-w838ygc1p7rF+7+h5vR9A+Y9Fc4imy6C3xPthCMkdFUgFvUWkmABeNB8RBDQ6+afk44Q60/UMMQ+gfDUW99fBA==}

  picocolors@1.1.1:
    resolution: {integrity: sha512-xceH2snhtb5M9liqDsmEw56le376mTZkEX/jEb/RxNFyegNul7eNslCXP9FDj/Lcu0X8KEyMceP2ntpaHrDEVA==}

  picomatch@2.3.1:
    resolution: {integrity: sha512-JU3teHTNjmE2VCGFzuY8EXzCDVwEqB2a8fsIvwaStHhAWJEeVd1o1QD80CU6+ZdEXXSLbSsuLwJjkCBWqRQUVA==}
    engines: {node: '>=8.6'}

  picomatch@4.0.2:
    resolution: {integrity: sha512-M7BAV6Rlcy5u+m6oPhAPFgJTzAioX/6B0DxyvDlo9l8+T3nLKbrczg2WLUyzd45L8RqfUMyGPzekbMvX2Ldkwg==}
    engines: {node: '>=12'}

  queue-microtask@1.2.3:
    resolution: {integrity: sha512-NuaNSa6flKT5JaSYQzJok04JzTL1CA6aGhv5rfLW3PgqA+M2ChpZQnAC8h8i4ZFkBS8X5RqkDBHA7r4hej3K9A==}

  reusify@1.0.4:
    resolution: {integrity: sha512-U9nH88a3fc/ekCF1l0/UP1IosiuIjyTh7hBvXVMHYgVcfGvt897Xguj2UOLDeI5BG2m7/uwyaLVT6fbtCwTyzw==}
    engines: {iojs: '>=1.0.0', node: '>=0.10.0'}

  run-parallel@1.2.0:
    resolution: {integrity: sha512-5l4VyZR86LZ/lDxZTR6jqL8AFE2S0IFLMP26AbjsLVADxHdhB/c0GUsH+y39UfCi3dzz8OlQuPmnaJOMoDHQBA==}

  smol-toml@1.3.1:
    resolution: {integrity: sha512-tEYNll18pPKHroYSmLLrksq233j021G0giwW7P3D24jC54pQ5W5BXMsQ/Mvw1OJCmEYDgY+lrzT+3nNUtoNfXQ==}
    engines: {node: '>= 18'}

  strip-json-comments@5.0.1:
    resolution: {integrity: sha512-0fk9zBqO67Nq5M/m45qHCJxylV/DhBlIOVExqgOMiCCrzrhU6tCibRXNqE3jwJLftzE9SNuZtYbpzcO+i9FiKw==}
    engines: {node: '>=14.16'}

  to-regex-range@5.0.1:
    resolution: {integrity: sha512-65P7iz6X5yEr1cwcgvQxbbIw7Uk3gOy5dIdtZ4rDveLqhrdJP+Li/Hx6tyK0NEb+2GCyneCMJiGqrADCSNk8sQ==}
    engines: {node: '>=8.0'}

  tslib@2.8.1:
    resolution: {integrity: sha512-oJFu94HQb+KVduSUQL7wnpmqnfmLsOA/nAh6b6EH0wCEoK0/mPeXU6c3wKDV83MkOuHPRHtSXKKU99IBazS/2w==}

  typescript@5.7.2:
    resolution: {integrity: sha512-i5t66RHxDvVN40HfDd1PsEThGNnlMCMT3jMUuoh9/0TaqWevNontacunWyN02LA9/fIbEWlcHZcgTKb9QoaLfg==}
    engines: {node: '>=14.17'}
    hasBin: true

  undici-types@6.20.0:
    resolution: {integrity: sha512-Ny6QZ2Nju20vw1SRHe3d9jVu6gJ+4e3+MMpqu7pqE5HT6WsTSlce++GQmK5UXS8mzV8DSYHrQH+Xrf2jVcuKNg==}

  walk-up-path@3.0.1:
    resolution: {integrity: sha512-9YlCL/ynK3CTlrSRrDxZvUauLzAswPCrsaCgilqFevUYpeEW0/3ScEjaa3kbW/T0ghhkEr7mv+fpjqn1Y1YuTA==}

  zod-validation-error@3.4.0:
    resolution: {integrity: sha512-ZOPR9SVY6Pb2qqO5XHt+MkkTRxGXb4EVtnjc9JpXUOtUB1T9Ru7mZOT361AN3MsetVe7R0a1KZshJDZdgp9miQ==}
    engines: {node: '>=18.0.0'}
    peerDependencies:
      zod: ^3.18.0

  zod@3.23.8:
    resolution: {integrity: sha512-XBx9AXhXktjUqnepgTiE5flcKIYWi/rme0Eaj+5Y0lftuGBq+jyRu/md4WnuxqgP1ubdpNCsYEYPxrzVHD8d6g==}

snapshots:

  '@emnapi/core@1.4.3':
    dependencies:
      '@emnapi/wasi-threads': 1.0.2
      tslib: 2.8.1
    optional: true

  '@emnapi/runtime@1.4.3':
    dependencies:
      tslib: 2.8.1
    optional: true

  '@emnapi/wasi-threads@1.0.2':
    dependencies:
      tslib: 2.8.1
    optional: true

  '@napi-rs/wasm-runtime@0.2.9':
    dependencies:
      '@emnapi/core': 1.4.3
      '@emnapi/runtime': 1.4.3
      '@tybys/wasm-util': 0.9.0
    optional: true

  '@nodelib/fs.scandir@2.1.5':
    dependencies:
      '@nodelib/fs.stat': 2.0.5
      run-parallel: 1.2.0

  '@nodelib/fs.stat@2.0.5': {}

  '@nodelib/fs.walk@1.2.8':
    dependencies:
      '@nodelib/fs.scandir': 2.1.5
      fastq: 1.17.1

  '@oxc-resolver/binding-darwin-arm64@9.0.2':
    optional: true

  '@oxc-resolver/binding-darwin-x64@9.0.2':
    optional: true

  '@oxc-resolver/binding-freebsd-x64@9.0.2':
    optional: true

  '@oxc-resolver/binding-linux-arm-gnueabihf@9.0.2':
    optional: true

  '@oxc-resolver/binding-linux-arm64-gnu@9.0.2':
    optional: true

  '@oxc-resolver/binding-linux-arm64-musl@9.0.2':
    optional: true

  '@oxc-resolver/binding-linux-riscv64-gnu@9.0.2':
    optional: true

  '@oxc-resolver/binding-linux-s390x-gnu@9.0.2':
    optional: true

  '@oxc-resolver/binding-linux-x64-gnu@9.0.2':
    optional: true

  '@oxc-resolver/binding-linux-x64-musl@9.0.2':
    optional: true

  '@oxc-resolver/binding-wasm32-wasi@9.0.2':
    dependencies:
      '@napi-rs/wasm-runtime': 0.2.9
    optional: true

  '@oxc-resolver/binding-win32-arm64-msvc@9.0.2':
    optional: true

  '@oxc-resolver/binding-win32-x64-msvc@9.0.2':
    optional: true

  '@tybys/wasm-util@0.9.0':
    dependencies:
      tslib: 2.8.1
    optional: true

  '@types/node@22.10.1':
    dependencies:
      undici-types: 6.20.0

  argparse@2.0.1: {}

  braces@3.0.3:
    dependencies:
      fill-range: 7.1.1

  fast-glob@3.3.3:
    dependencies:
      '@nodelib/fs.stat': 2.0.5
      '@nodelib/fs.walk': 1.2.8
      glob-parent: 5.1.2
      merge2: 1.4.1
      micromatch: 4.0.8

  fastq@1.17.1:
    dependencies:
      reusify: 1.0.4

  fd-package-json@1.2.0:
    dependencies:
      walk-up-path: 3.0.1

  fill-range@7.1.1:
    dependencies:
      to-regex-range: 5.0.1

  formatly@0.2.3:
    dependencies:
      fd-package-json: 1.2.0

  glob-parent@5.1.2:
    dependencies:
      is-glob: 4.0.3

  is-extglob@2.1.1: {}

  is-glob@4.0.3:
    dependencies:
      is-extglob: 2.1.1

  is-number@7.0.0: {}

  jiti@2.4.2: {}

  js-yaml@4.1.0:
    dependencies:
      argparse: 2.0.1

  knip@5.56.0(@types/node@22.10.1)(typescript@5.7.2):
    dependencies:
      '@nodelib/fs.walk': 1.2.8
      '@types/node': 22.10.1
      fast-glob: 3.3.3
      formatly: 0.2.3
      jiti: 2.4.2
      js-yaml: 4.1.0
      minimist: 1.2.8
      oxc-resolver: 9.0.2
      picocolors: 1.1.1
      picomatch: 4.0.2
      smol-toml: 1.3.1
      strip-json-comments: 5.0.1
      typescript: 5.7.2
      zod: 3.23.8
      zod-validation-error: 3.4.0(zod@3.23.8)

  merge2@1.4.1: {}

  micromatch@4.0.8:
    dependencies:
      braces: 3.0.3
      picomatch: 2.3.1

  minimist@1.2.8: {}

  oxc-resolver@9.0.2:
    optionalDependencies:
      '@oxc-resolver/binding-darwin-arm64': 9.0.2
      '@oxc-resolver/binding-darwin-x64': 9.0.2
      '@oxc-resolver/binding-freebsd-x64': 9.0.2
      '@oxc-resolver/binding-linux-arm-gnueabihf': 9.0.2
      '@oxc-resolver/binding-linux-arm64-gnu': 9.0.2
      '@oxc-resolver/binding-linux-arm64-musl': 9.0.2
      '@oxc-resolver/binding-linux-riscv64-gnu': 9.0.2
      '@oxc-resolver/binding-linux-s390x-gnu': 9.0.2
      '@oxc-resolver/binding-linux-x64-gnu': 9.0.2
      '@oxc-resolver/binding-linux-x64-musl': 9.0.2
      '@oxc-resolver/binding-wasm32-wasi': 9.0.2
      '@oxc-resolver/binding-win32-arm64-msvc': 9.0.2
      '@oxc-resolver/binding-win32-x64-msvc': 9.0.2

  picocolors@1.1.1: {}

  picomatch@2.3.1: {}

  picomatch@4.0.2: {}

  queue-microtask@1.2.3: {}

  reusify@1.0.4: {}

  run-parallel@1.2.0:
    dependencies:
      queue-microtask: 1.2.3

  smol-toml@1.3.1: {}

  strip-json-comments@5.0.1: {}

  to-regex-range@5.0.1:
    dependencies:
      is-number: 7.0.0

  tslib@2.8.1:
    optional: true

  typescript@5.7.2: {}

  undici-types@6.20.0: {}

  walk-up-path@3.0.1: {}

  zod-validation-error@3.4.0(zod@3.23.8):
    dependencies:
      zod: 3.23.8

  zod@3.23.8: {}
